
Microsoft Visual Studio Solution File, Format Version 12.00
# Visual Studio Version 17
VisualStudioVersion = 17.10.34916.146
MinimumVisualStudioVersion = 10.0.40219.1
Project("{FAE04EC0-301F-11D3-BF4B-00C04F79EFBC}") = "Proyecto_inventario", "Proyecto_inventario\Proyecto_inventario.csproj", "{9DA5FF47-433B-4D63-A83D-B92D759E9358}"
EndProject
Global
	GlobalSection(SolutionConfigurationPlatforms) = preSolution
		Debug|Any CPU = Debug|Any CPU
		Release|Any CPU = Release|Any CPU
	EndGlobalSection
	GlobalSection(ProjectConfigurationPlatforms) = postSolution
		{9DA5FF47-433B-4D63-A83D-B92D759E9358}.Debug|Any CPU.ActiveCfg = Debug|Any CPU
		{9DA5FF47-433B-4D63-A83D-B92D759E9358}.Debug|Any CPU.Build.0 = Debug|Any CPU
		{9DA5FF47-433B-4D63-A83D-B92D759E9358}.Release|Any CPU.ActiveCfg = Release|Any CPU
		{9DA5FF47-433B-4D63-A83D-B92D759E9358}.Release|Any CPU.Build.0 = Release|Any CPU
	EndGlobalSection
	GlobalSection(SolutionProperties) = preSolution
		HideSolutionNode = FALSE
	EndGlobalSection
	GlobalSection(ExtensibilityGlobals) = postSolution
		SolutionGuid = {D2CE27D9-78F0-42AF-833E-6015DD057D22}
	EndGlobalSection
EndGlobal
